{
    "_meta": {
        "hash": {
            "sha256": "7569f31149f00c9664a9793b743b2e5d5293cb3f71a1eabf11b02a590af34be7"
        },
        "requires": {},
        "sources": [
            {
                "url": "https://pypi.python.org/simple",
                "verify_ssl": true
            }
        ]
    },
    "default": {
        "alabaster": {
            "hash": "sha256:2eef172f44e8d301d25aff8068fddd65f767a3f04b5f15b0f4922f113aa1c732",
            "version": "==0.7.10"
        },
        "appdirs": {
            "hash": "sha256:d8b24664561d0d34ddfaec54636d502d7cea6e29c3eaf68f3df6180863e2166e",
            "version": "==1.4.3"
        },
        "argh": {
            "hash": "sha256:a9b3aaa1904eeb78e32394cd46c6f37ac0fb4af6dc488daa58971bdc7d7fcaf3",
            "version": "==0.26.2"
        },
        "argparse": {
            "hash": "sha256:c31647edb69fd3d465a847ea3157d37bed1f95f19760b11a47aa91c04b666314",
            "version": "==1.4.0"
        },
        "asn1crypto": {
            "hash": "sha256:d232509fefcfcdb9a331f37e9c9dc20441019ad927c7d2176cf18ed5da0ba097",
            "version": "==0.22.0"
        },
        "attrs": {
            "hash": "sha256:c59426b15b45e39a7bc408eb6ba7e7188d9532764f873cc691199ddd975c97ef",
            "version": "==16.3.0"
        },
        "autobahn": {
            "hash": "sha256:551b2d0b6f1155194543c5e089d6b3ee807bfd36a02d8e218c3f65fd6e00a8ba",
            "version": "==17.5.1"
        },
        "automat": {
            "hash": "sha256:294e91c3c52e3c2d3123230ed605e5a4b09cfc487716c9d218d118e2ef57c5c1",
            "version": "==0.5.0"
        },
        "babel": {
            "hash": "sha256:e86ca5a3a6bb64b9bbb62b9dac37225ec0ab5dfaae3c2492ebd648266468042f",
            "version": "==2.4.0"
        },
        "backports-abc": {
            "hash": "sha256:52089f97fe7a9aa0d3277b220c1d730a85aefd64e1b2664696fe35317c5470a7",
            "version": "==0.5"
        },
        "bitstring": {
            "hash": "sha256:c163a86fcef377c314690051885d86b47419e3e1770990c212e16723c1c08faa",
            "version": "==3.1.5"
        },
        "cbor": {
            "hash": "sha256:13225a262ddf5615cbd9fd55a76a0d53069d18b07d2e9f19c39e6acb8609bbb6",
            "version": "==1.0.0"
        },
        "certifi": {
            "hash": "sha256:f4318671072f030a33c7ca6acaef720ddd50ff124d1388e50c1bda4cbd6d7010",
            "version": "==2017.4.17"
        },
        "cffi": {
            "hash": "sha256:c49187260043bd4c1d6a52186f9774f17d9b1da0a406798ebf4bfc12da166ade",
            "version": "==1.10.0"
        },
        "click": {
            "hash": "sha256:29f99fc6125fbc931b758dc053b3114e55c77a6e4c6c3a2674a2dc986016381d",
            "version": "==6.7"
        },
        "constantly": {
            "hash": "sha256:dd2fa9d6b1a51a83f0d7dd76293d734046aa176e384bf6e33b7e44880eb37c5d",
            "version": "==15.1.0"
        },
        "crossbar": {
            "hash": "sha256:ecfef04dba6f494bb3d2cd9c7c9f6e2aa5a18cceb3caf1e68bba82cb675f7fb2",
            "version": "==17.5.1"
        },
        "cryptography": {
            "hash": "sha256:323524312bb467565ebca7e50c8ae5e9674e544951d28a2904a50012a8828190",
            "version": "==1.8.1"
        },
        "docutils": {
            "hash": "sha256:de454f1015958450b72641165c08afe7023cd7e3944396448f2fb1b0ccba9d77",
            "version": "==0.13.1"
        },
        "enum34": {
            "hash": "sha256:6bd0f6ad48ec2aa117d3d141940d484deccda84d4fcd884f5c3d93c23ecd8c79",
            "version": "==1.1.6"
        },
        "future": {
            "hash": "sha256:e39ced1ab767b5936646cedba8bcce582398233d6a627067d4c6a454c90cfedb",
            "version": "==0.16.0"
        },
        "h2": {
            "hash": "sha256:93cbd1013a2218539af05cdf9fc37b786655b93bbc94f5296b7dabd1c5cadf41",
            "version": "==2.6.2"
        },
        "hpack": {
            "hash": "sha256:0edd79eda27a53ba5be2dfabf3b15780928a0dff6eb0c60a3d6767720e970c89",
            "version": "==3.0.0"
        },
        "hyperframe": {
            "hash": "sha256:87567c9eb1540de1e7f48805adf00e87856409342fdebd0cd20cf5d381c38b69",
            "version": "==5.1.0"
        },
        "idna": {
            "hash": "sha256:cc19709fd6d0cbfed39ea875d29ba6d4e22c0cebc510a76d6302a28385e8bb70",
            "version": "==2.5"
        },
        "imagesize": {
            "hash": "sha256:6ebdc9e0ad188f9d1b2cdd9bc59cbe42bf931875e829e7a595e6b3abdc05cdfb",
            "version": "==0.7.1"
        },
        "incremental": {
            "hash": "sha256:cc00a35f9e9621ddec0a5e7d17271f3f26244873c4aec67eda06f2db8302e04b",
            "version": "==16.10.1"
        },
        "ipaddress": {
            "hash": "sha256:d34cf15d95ce9a734560f7400a8bd2ac2606f378e2a1d0eadbf1c98707e7c74a",
            "version": "==1.0.18"
        },
        "jinja2": {
            "hash": "sha256:2231bace0dfd8d2bf1e5d7e41239c06c9e0ded46e70cc1094a0aa64b0afeb054",
            "version": "==2.9.6"
        },
        "linecache2": {
            "hash": "sha256:e78be9c0a0dfcbac712fe04fbf92b96cddae80b1b842f24248214c8496f006ef",
            "version": "==1.0.0"
        },
        "livereload": {
            "hash": "sha256:5ed6506f5d526ee712da9f3739c27714e6f3376f3e481728d298efceae0ec83a",
            "version": "==2.5.1"
        },
        "lmdb": {
            "hash": "sha256:3d73238ab0e1f9d8b8ea4916b66f9e91574ec64f844f91b6e9374e894036dc06",
            "version": "==0.92"
        },
        "markupsafe": {
            "hash": "sha256:a6be69091dac236ea9c6bc7d012beab42010fa914c459791d627dad4910eb665",
            "version": "==1.0"
        },
        "mistune": {
            "hash": "sha256:94b9f0c3c7f2bae302009d8bec2bb803daec8879e0ea2102630f5ea7ade2c96b",
            "version": "==0.7.4"
        },
        "netaddr": {
            "hash": "sha256:56b3558bd71f3f6999e4c52e349f38660e54a7a8a9943335f73dfc96883e08ca",
            "version": "==0.7.19"
        },
        "numpy": {
            "hash": "sha256:cd7892f7d644d1b4ed2ead254d4851616c07ecf82618e3203e2a81747ffb6069",
            "version": "==1.12.1"
        },
        "packaging": {
            "hash": "sha256:99276dc6e3a7851f32027a68f1095cd3f77c148091b092ea867a351811cfe388",
            "version": "==16.8"
        },
        "pathtools": {
            "hash": "sha256:7c35c5421a39bb82e58018febd90e3b6e5db34c5443aaaf742b3f33d4655f1c0",
            "version": "==0.1.2"
        },
        "port-for": {
            "hash": "sha256:b16a84bb29c2954db44c29be38b17c659c9c27e33918dec16b90d375cc596f1c",
            "version": "==0.3.1"
        },
        "priority": {
            "hash": "sha256:be4fcb94b5e37cdeb40af5533afe6dd603bd665fe9c8b3052610fc1001d5d1eb",
            "version": "==1.3.0"
        },
        "psutil": {
            "hash": "sha256:44746540c0fab5b95401520d29eb9ffe84b3b4a235bd1d1971cbe36e1f38dd13",
            "version": "==5.2.2"
        },
        "py-ubjson": {
            "hash": "sha256:b405daaa82acdf5989207e1e5ff6865ef7d23bf450513a6d90a1ab64c75bdcf8",
            "version": "==0.9.0"
        },
        "pyasn1": {
            "hash": "sha256:0439b9bd518418260c2641a571f0e07fce4370cab13b68f19b5e023306c03cad",
            "version": "==0.2.3"
        },
        "pyasn1-modules": {
            "hash": "sha256:6c955210b86fcff3420957072280560ddaf183aa761fb76240c20c322e01021d",
            "version": "==0.0.8"
        },
        "pycparser": {
            "hash": "sha256:0aac31e917c24cb3357f5a4d5566f2cc91a19ca41862f6c3c22dc60a629673b6",
            "version": "==2.17"
        },
        "pygments": {
            "hash": "sha256:78f3f434bcc5d6ee09020f92ba487f95ba50f1e3ef83ae96b9d5ffa1bab25c5d",
            "version": "==2.2.0"
        },
        "pymongo": {
            "hash": "sha256:8e0b5366f08875e6dfd4acf587c49eb813e8149106701f40dcca3ccfb14c1f5d",
            "version": "==3.4.0"
        },
        "pynacl": {
            "hash": "sha256:32f52b754abf07c319c04ce16905109cab44b0e7f7c79497431d3b2000f8af8c",
            "version": "==1.1.2"
        },
        "pyopenssl": {
            "hash": "sha256:0f78204fc2e128dd65ceca25b9f41cb0132e7cf690600f0ef43eddd023d7ec72",
            "version": "==17.0.0"
        },
        "pyparsing": {
            "hash": "sha256:fee43f17a9c4087e7ed1605bd6df994c6173c1e977d7ade7b651292fab2bd010",
            "version": "==2.2.0"
        },
        "pyqrcode": {
            "hash": "sha256:1b2812775fa6ff5c527977c4cd2ccb07051ca7d0bc0aecf937a43864abe5eff6",
            "version": "==1.2.1"
        },
        "pytrie": {
            "hash": "sha256:0c1bd0cb7c301b193da4bcf31bdf68bbdbea88be4bea5f680caecc56d9b74020",
            "version": "==0.3"
        },
        "pytz": {
            "hash": "sha256:d1d6729c85acea5423671382868627129432fba9a89ecbb248d8d1c7a9f01c67",
            "version": "==2017.2"
        },
        "pyyaml": {
            "hash": "sha256:592766c6303207a20efc445587778322d7f73b161bd994f227adaa341ba212ab",
            "version": "==3.12"
        },
        "requests": {
            "hash": "sha256:3b39cde35be51762885631cf586f4dc2284951b44d479a4454020758d767cc2f",
            "version": "==2.14.2"
        },
        "sdnotify": {
            "hash": "sha256:e69220d4f6cbb02130f43f929350a80cf51033fde47dcb056fbda71e2dff2d5a",
            "version": "==0.3.1"
        },
        "service-identity": {
            "hash": "sha256:5c63e1532135f7171cb33e8b2f31c758c3ce0654e6eb198573e23d01128678d4",
            "version": "==16.0.0"
        },
        "setproctitle": {
            "hash": "sha256:6283b7a58477dd8478fbb9e76defb37968ee4ba47b05ec1c053cb39638bd7398",
            "version": "==1.1.10"
        },
        "setuptools": {
            "hash": "sha256:19d753940f8cdbee7548da318f8b56159aead279ef811a6efc8b8a33d89c86a4",
            "version": "==35.0.2"
        },
        "shutilwhich": {
            "hash": "sha256:db1f39c6461e42f630fa617bb8c79090f7711c9ca493e615e43d0610ecb64dc6",
            "version": "==1.1.0"
        },
        "singledispatch": {
            "hash": "sha256:833b46966687b3de7f438c761ac475213e53b306740f1abfaa86e1d1aae56aa8",
            "version": "==3.4.0.3"
        },
        "six": {
            "hash": "sha256:0ff78c403d9bccf5a425a6d31a12aa6b47f1c21ca4dc2573a7e2f32a97335eb1",
            "version": "==1.10.0"
        },
        "snowballstemmer": {
            "hash": "sha256:9f3bcd3c401c3e862ec0ebe6d2c069ebc012ce142cce209c098ccb5b09136e89",
            "version": "==1.2.1"
        },
        "sortedcontainers": {
            "hash": "sha256:50aab871935fbeb07ea5108ba8078f1665531e59c6feb8057aa70d19215f5d8a",
            "version": "==1.5.7"
        },
        "sphinx": {
            "hash": "sha256:11f271e7a9398385ed730e90f0bb41dc3815294bdcd395b46ed2d033bc2e7d87",
            "version": "==1.5.5"
        },
        "sphinx-autobuild": {
            "hash": "sha256:e98473cdf26287cc81393841b293b516d078f6e475062a35ceb9fe3d739ac5f3",
            "version": "==0.6.0"
        },
        "sphinx-rtd-theme": {
            "hash": "sha256:62ee4752716e698bad7de8a18906f42d33664128eea06c46b718fc7fbd1a9f5c",
            "version": "==0.2.4"
        },
        "tornado": {
            "hash": "sha256:db0904a28253cfe53e7dedc765c71596f3c53bb8a866ae50123320ec1a7b73fd",
            "version": "==4.5.1"
        },
        "traceback2": {
            "hash": "sha256:8253cebec4b19094d67cc5ed5af99bf1dba1285292226e98a31929f87a5d6b23",
            "version": "==1.4.0"
        },
        "treq": {
            "hash": "sha256:7afe17bb16e8d8497506e75d934bc10795e898a2b17989226bda0e8329efe029",
            "version": "==17.3.1"
        },
        "twisted": {
            "hash": "sha256:dbf211d70afe5b4442e3933ff01859533eba9f13d8b3e2e1b97dc2125e2d44dc",
            "version": "==17.1.0"
        },
        "txaio": {
            "hash": "sha256:0fe5bdb1c5b0efbc0f436db7b08e3e6e239f6e8b2c763666faff7ea258808f50",
            "version": "==2.7.1"
        },
        "u-msgpack-python": {
            "hash": "sha256:4b509782648fc563f85cef03887389c7fba3b077a47920a13d3d4ea78652ffd2",
            "version": "==2.4.1"
        },
        "unittest2": {
            "hash": "sha256:13f77d0875db6d9b435e1d4f41e74ad4cc2eb6e1d5c824996092b3430f088bb8",
            "version": "==1.1.0"
        },
        "watchdog": {
            "hash": "sha256:7e65882adb7746039b6f3876ee174952f8eaaa34491ba34333ddf1fe35de4162",
            "version": "==0.8.3"
        },
        "werkzeug": {
            "hash": "sha256:918322630c58fa52b89e14c45de3ad78514e18928dac726060bb89cd647f6b83",
            "version": "==0.12.1"
        },
        "zope.interface": {
            "hash": "sha256:ee34e3e473516cbc7b526929076783f3a8d3e2cf1dd6dea11db97ef3f1ce41bd",
            "version": "==4.4.0"
        }
    },
    "develop": {}
}