{
    "_meta": {
        "hash": {
            "sha256": "3dbb9a8f6427751f16db1b4619b736da09a9e169b4586b4c20190a955f942993"
        },
        "requires": {},
        "sources": [
            {
                "url": "https://pypi.python.org/simple",
                "verify_ssl": true
            }
        ]
    },
    "default": {
        "alabaster": {
            "version": "==0.7.10"
        },
        "argh": {
            "version": "==0.26.2"
        },
        "argparse": {
            "version": "==1.4.0"
        },
        "asn1crypto": {
            "version": "==0.22.0"
        },
        "attrs": {
            "version": "==17.2.0"
        },
        "autobahn": {
            "version": "==17.6.2"
        },
        "automat": {
            "version": "==0.6.0"
        },
        "autopep8": {
            "version": "==1.3.2"
        },
        "babel": {
            "version": "==2.4.0"
        },
        "backports-abc": {
            "version": "==0.5"
        },
        "backports.shutil-get-terminal-size": {
            "version": "==1.0.0"
        },
        "bandit": {
            "version": "==1.4.0"
        },
        "bitstring": {
            "version": "==3.1.5"
        },
        "cbor": {
            "version": "==1.0.0"
        },
        "certifi": {
            "version": "==2017.4.17"
        },
        "cffi": {
            "version": "==1.10.0"
        },
        "chardet": {
            "version": "==3.0.4"
        },
        "click": {
            "version": "==6.7"
        },
        "colorama": {
            "version": "==0.3.9"
        },
        "coloredlogs": {
            "version": "==7.0"
        },
        "configparser": {
            "version": "==3.5.0"
        },
        "constantly": {
            "version": "==15.1.0"
        },
        "coverage": {
            "version": "==4.4.1"
        },
        "crossbar": {
            "version": "==17.6.1.post3"
        },
        "cryptography": {
            "version": "==1.9"
        },
        "docutils": {
            "version": "==0.13.1"
        },
        "enum34": {
            "version": "==1.1.6"
        },
        "executor": {
            "version": "==18.0"
        },
        "fasteners": {
            "version": "==0.14.1"
        },
        "flake8": {
            "version": "==3.3.0"
        },
        "flake8-docstrings": {
            "version": "==1.1.0"
        },
        "flake8-polyfill": {
            "version": "==1.0.1"
        },
        "funcsigs": {
            "version": "==1.0.2"
        },
        "functools32": "==3.2.3-2",
        "future": {
            "version": "==0.16.0"
        },
        "gitdb2": {
            "version": "==2.0.2"
        },
        "gitpython": {
            "version": "==2.1.5"
        },
        "green": {
            "version": "==2.10.0"
        },
        "h2": {
            "version": "==2.6.2"
        },
        "hpack": {
            "version": "==3.0.0"
        },
        "humanfriendly": {
            "version": "==4.3"
        },
        "hyperframe": {
            "version": "==5.1.0"
        },
        "hyperlink": {
            "version": "==17.2.1"
        },
        "idna": {
            "version": "==2.5"
        },
        "imagesize": {
            "version": "==0.7.1"
        },
        "incremental": {
            "version": "==17.5.0"
        },
        "ipaddress": {
            "version": "==1.0.18"
        },
        "jinja2": {
            "version": "==2.9.6"
        },
        "jsonschema": {
            "version": "==2.6.0"
        },
        "linecache2": {
            "version": "==1.0.0"
        },
        "livereload": {
            "version": "==2.5.1"
        },
        "lmdb": {
            "version": "==0.92"
        },
        "markupsafe": {
            "version": "==1.0"
        },
        "mccabe": {
            "version": "==0.6.1"
        },
        "mistune": {
            "version": "==0.7.4"
        },
        "mock": {
            "version": "==2.0.0"
        },
        "monotonic": {
            "version": "==1.3"
        },
        "netaddr": {
            "version": "==0.7.19"
        },
        "numpy": {
            "version": "==1.13.1"
        },
        "pathtools": {
            "version": "==0.1.2"
        },
        "pbr": {
            "version": "==3.1.1"
        },
        "pepper8": {
            "version": "==1.1.1"
        },
        "port-for": {
            "version": "==0.3.1"
        },
        "priority": {
            "version": "==1.3.0"
        },
        "property-manager": {
            "version": "==2.2"
        },
        "psutil": {
            "version": "==5.2.2"
        },
        "py-ubjson": {
            "version": "==0.9.0"
        },
        "pyasn1": {
            "version": "==0.2.3"
        },
        "pyasn1-modules": {
            "version": "==0.0.9"
        },
        "pycodestyle": {
            "version": "==2.3.1"
        },
        "pycparser": {
            "version": "==2.18"
        },
        "pydocstyle": {
            "version": "==2.0.0"
        },
        "pyflakes": {
            "version": "==1.5.0"
        },
        "pygments": {
            "version": "==2.2.0"
        },
        "pymongo": {
            "version": "==3.4.0"
        },
        "pynacl": {
            "version": "==1.1.2"
        },
        "pyopenssl": {
            "version": "==17.1.0"
        },
        "pyqrcode": {
            "version": "==1.2.1"
        },
        "python-termstyle": {
            "version": "==0.1.10"
        },
        "pytrie": {
            "version": "==0.3"
        },
        "pytz": {
            "version": "==2017.2"
        },
        "pyyaml": {
            "version": "==3.12"
        },
        "requests": {
            "version": "==2.18.1"
        },
        "sdnotify": {
            "version": "==0.3.1"
        },
        "service-identity": {
            "version": "==17.0.0"
        },
        "setproctitle": {
            "version": "==1.1.10"
        },
        "setuptools": {
            "version": "==36.0.1"
        },
        "shutilwhich": {
            "version": "==1.1.0"
        },
        "singledispatch": {
            "version": "==3.4.0.3"
        },
        "six": {
            "version": "==1.10.0"
        },
        "smmap2": {
            "version": "==2.0.3"
        },
        "snowballstemmer": {
            "version": "==1.2.1"
        },
        "sortedcontainers": {
            "version": "==1.5.7"
        },
        "sphinx": {
            "version": "==1.6.3"
        },
        "sphinx-autobuild": {
            "version": "==0.7.1"
        },
        "sphinx-rtd-theme": {
            "version": "==0.2.4"
        },
        "sphinxcontrib-websupport": {
            "version": "==1.0.1"
        },
        "stevedore": {
            "version": "==1.24.0"
        },
        "tornado": {
            "version": "==4.5.1"
        },
        "traceback2": {
            "version": "==1.4.0"
        },
        "treq": {
            "version": "==17.3.1"
        },
        "twisted": {
            "version": "==17.5.0"
        },
        "txaio": {
            "version": "==2.8.0"
        },
        "typing": {
            "version": "==3.6.1"
        },
        "u-msgpack-python": {
            "version": "==2.4.1"
        },
        "unidecode": {
            "version": "==0.04.21"
        },
        "unittest2": {
            "version": "==1.1.0"
        },
        "urllib3": {
            "version": "==1.21.1"
        },
        "verboselogs": {
            "version": "==1.6"
        },
        "watchdog": {
            "version": "==0.8.3"
        },
        "werkzeug": {
            "version": "==0.12.2"
        },
        "zope.interface": {
            "version": "==4.4.2"
        }
    },
    "develop": {}
}
